
Microsoft Visual Studio Solution File, Format Version 12.00
Project("{FAE04EC0-301F-11D3-BF4B-00C04F79EFBC}") = "AterraEngine", "AterraEngine\AterraEngine.csproj", "{E7A809BD-E76D-495C-BE6A-80B70DE2D6A7}"
EndProject
Project("{FAE04EC0-301F-11D3-BF4B-00C04F79EFBC}") = "AterraEngineUnitTests", "AterraEngineUnitTests\AterraEngineUnitTests.csproj", "{70D466D8-13EF-4AF3-B3EC-4042434F3206}"
EndProject
Project("{FAE04EC0-301F-11D3-BF4B-00C04F79EFBC}") = "AterraEngine.Interfaces", "AterraEngine.Interfaces\AterraEngine.Interfaces.csproj", "{12D46FC5-24B1-4F25-A744-3098458D4758}"
EndProject
Project("{FAE04EC0-301F-11D3-BF4B-00C04F79EFBC}") = "AterraEngine.Lib", "AterraEngine.Lib\AterraEngine.Lib.csproj", "{D69433C5-EDB3-477D-87BE-74D359A22DD0}"
EndProject
Project("{2150E333-8FDC-42A3-9474-1A3956D46DE8}") = "Engine", "Engine", "{D50B3BD2-82EF-42BD-A008-46B6ADB08F45}"
EndProject
Project("{2150E333-8FDC-42A3-9474-1A3956D46DE8}") = "Tests", "Tests", "{0455BEC5-164B-4DBB-904A-1603355453E9}"
EndProject
Global
	GlobalSection(SolutionConfigurationPlatforms) = preSolution
		Debug|Any CPU = Debug|Any CPU
		Release|Any CPU = Release|Any CPU
	EndGlobalSection
	GlobalSection(ProjectConfigurationPlatforms) = postSolution
		{E7A809BD-E76D-495C-BE6A-80B70DE2D6A7}.Debug|Any CPU.ActiveCfg = Debug|Any CPU
		{E7A809BD-E76D-495C-BE6A-80B70DE2D6A7}.Debug|Any CPU.Build.0 = Debug|Any CPU
		{E7A809BD-E76D-495C-BE6A-80B70DE2D6A7}.Release|Any CPU.ActiveCfg = Release|Any CPU
		{E7A809BD-E76D-495C-BE6A-80B70DE2D6A7}.Release|Any CPU.Build.0 = Release|Any CPU
		{70D466D8-13EF-4AF3-B3EC-4042434F3206}.Debug|Any CPU.ActiveCfg = Debug|Any CPU
		{70D466D8-13EF-4AF3-B3EC-4042434F3206}.Debug|Any CPU.Build.0 = Debug|Any CPU
		{70D466D8-13EF-4AF3-B3EC-4042434F3206}.Release|Any CPU.ActiveCfg = Release|Any CPU
		{70D466D8-13EF-4AF3-B3EC-4042434F3206}.Release|Any CPU.Build.0 = Release|Any CPU
		{12D46FC5-24B1-4F25-A744-3098458D4758}.Debug|Any CPU.ActiveCfg = Debug|Any CPU
		{12D46FC5-24B1-4F25-A744-3098458D4758}.Debug|Any CPU.Build.0 = Debug|Any CPU
		{12D46FC5-24B1-4F25-A744-3098458D4758}.Release|Any CPU.ActiveCfg = Release|Any CPU
		{12D46FC5-24B1-4F25-A744-3098458D4758}.Release|Any CPU.Build.0 = Release|Any CPU
		{D69433C5-EDB3-477D-87BE-74D359A22DD0}.Debug|Any CPU.ActiveCfg = Debug|Any CPU
		{D69433C5-EDB3-477D-87BE-74D359A22DD0}.Debug|Any CPU.Build.0 = Debug|Any CPU
		{D69433C5-EDB3-477D-87BE-74D359A22DD0}.Release|Any CPU.ActiveCfg = Release|Any CPU
		{D69433C5-EDB3-477D-87BE-74D359A22DD0}.Release|Any CPU.Build.0 = Release|Any CPU
	EndGlobalSection
	GlobalSection(NestedProjects) = preSolution
		{E7A809BD-E76D-495C-BE6A-80B70DE2D6A7} = {D50B3BD2-82EF-42BD-A008-46B6ADB08F45}
		{12D46FC5-24B1-4F25-A744-3098458D4758} = {D50B3BD2-82EF-42BD-A008-46B6ADB08F45}
		{D69433C5-EDB3-477D-87BE-74D359A22DD0} = {D50B3BD2-82EF-42BD-A008-46B6ADB08F45}
		{70D466D8-13EF-4AF3-B3EC-4042434F3206} = {0455BEC5-164B-4DBB-904A-1603355453E9}
	EndGlobalSection
EndGlobal
